
Microsoft Visual Studio Solution File, Format Version 12.00
# Visual Studio Version 17
VisualStudioVersion = 17.10.35027.167
MinimumVisualStudioVersion = 10.0.40219.1
Project("{9A19103F-16F7-4668-BE54-9A1E7A4F7556}") = "Education.UpdateAssemblyData", "UpdateAssemblyData\Education.UpdateAssemblyData.csproj", "{F0DD7196-96CC-4CB2-8640-25C0B5D7A521}"
EndProject
Project("{9A19103F-16F7-4668-BE54-9A1E7A4F7556}") = "SecondProject", "SecondProject\SecondProject.csproj", "{98D3A5D3-806C-49DF-82C8-1EDEF070CB04}"
EndProject
Project("{FAE04EC0-301F-11D3-BF4B-00C04F79EFBC}") = "ThirdProject", "ThirdProject\ThirdProject.csproj", "{82E34BD4-12CF-47AF-97D1-1425F4D60497}"
EndProject
Global
	GlobalSection(SolutionConfigurationPlatforms) = preSolution
		Debug|Any CPU = Debug|Any CPU
		Release|Any CPU = Release|Any CPU
	EndGlobalSection
	GlobalSection(ProjectConfigurationPlatforms) = postSolution
		{F0DD7196-96CC-4CB2-8640-25C0B5D7A521}.Debug|Any CPU.ActiveCfg = Debug|Any CPU
		{F0DD7196-96CC-4CB2-8640-25C0B5D7A521}.Debug|Any CPU.Build.0 = Debug|Any CPU
		{F0DD7196-96CC-4CB2-8640-25C0B5D7A521}.Release|Any CPU.ActiveCfg = Release|Any CPU
		{F0DD7196-96CC-4CB2-8640-25C0B5D7A521}.Release|Any CPU.Build.0 = Release|Any CPU
		{98D3A5D3-806C-49DF-82C8-1EDEF070CB04}.Debug|Any CPU.ActiveCfg = Debug|Any CPU
		{98D3A5D3-806C-49DF-82C8-1EDEF070CB04}.Debug|Any CPU.Build.0 = Debug|Any CPU
		{98D3A5D3-806C-49DF-82C8-1EDEF070CB04}.Release|Any CPU.ActiveCfg = Release|Any CPU
		{98D3A5D3-806C-49DF-82C8-1EDEF070CB04}.Release|Any CPU.Build.0 = Release|Any CPU
		{82E34BD4-12CF-47AF-97D1-1425F4D60497}.Debug|Any CPU.ActiveCfg = Debug|Any CPU
		{82E34BD4-12CF-47AF-97D1-1425F4D60497}.Debug|Any CPU.Build.0 = Debug|Any CPU
		{82E34BD4-12CF-47AF-97D1-1425F4D60497}.Release|Any CPU.ActiveCfg = Release|Any CPU
		{82E34BD4-12CF-47AF-97D1-1425F4D60497}.Release|Any CPU.Build.0 = Release|Any CPU
	EndGlobalSection
	GlobalSection(SolutionProperties) = preSolution
		HideSolutionNode = FALSE
	EndGlobalSection
	GlobalSection(ExtensibilityGlobals) = postSolution
		SolutionGuid = {5682EFFC-AA05-427C-B372-49875501AD9F}
	EndGlobalSection
EndGlobal
